--- 
dependencies: 
  faker: 
    group: 
    - :test
    version: ">= 0"
  mustache: 
    group: 
    - :default
    version: ">= 0.9.0"
    require: 
    - mustache/sinatra
  celerity: 
    group: 
    - :test
    version: ">= 0"
    require: []

  rack-openid: 
    group: 
    - :default
    version: ">= 1.0.3"
    require: 
    - rack/openid
  sinatra: 
    group: 
    - :default
    version: ">= 0"
    require: 
    - sinatra/base
  culerity: 
    group: 
    - :test
    version: ">= 0"
    require: []

  steak: 
    group: 
    - :test
    version: ">= 0"
  delorean: 
    group: 
    - :test
    version: ">= 0"
  i18n: 
    group: 
    - :default
    version: ">= 0.1.3"
    require: []

  activesupport: 
    group: 
    - :default
    version: ">= 0"
    require: 
    - active_support
  redis: 
    group: 
    - :default
    version: ">= 0"
  RedCloth: 
    group: 
    - :default
    version: ">= 0"
  capybara: 
    group: 
    - :test
    version: ">= 0"
    require: 
    - capybara
    - capybara/dsl
  launchy: 
    group: 
    - :test
    version: ">= 0"
    require: []

specs: 
- rake: 
    version: 0.8.7
- RedCloth: 
    version: 4.2.3
- activesupport: 
    version: 2.3.8
- culerity: 
    version: 0.2.10
- mime-types: 
    version: "1.16"
- nokogiri: 
    version: 1.4.2
- rack: 
    version: 1.2.1
- rack-test: 
    version: 0.5.4
- ffi: 
    version: 0.6.3
- json_pure: 
    version: 1.4.3
- selenium-webdriver: 
    version: 0.0.24
- capybara: 
    version: 0.3.8
- celerity: 
    version: 0.7.9
- rubyforge: 
    version: 2.0.4
- hoe: 
    version: 2.6.1
- chronic: 
    version: 0.2.3
- configuration: 
    version: 1.1.0
- delorean: 
    version: 0.2.0
- faker: 
    version: 0.3.1
- i18n: 
    version: 0.4.1
- launchy: 
    version: 0.3.5
- mustache: 
    version: 0.11.2
- ruby-openid: 
    version: 2.1.7
- rack-openid: 
    version: 1.0.3
- redis: 
    version: 2.0.3
- rspec: 
    version: 1.3.0
- sinatra: 
    version: "1.0"
- steak: 
    version: 0.3.8
hash: afa5a74d5d1a776c00359c947f9c0067ad3019da
sources: 
- Rubygems: 
    uri: http://rubygems.org
